
Microsoft Visual Studio Solution File, Format Version 12.00
# Visual Studio Version 17
VisualStudioVersion = 17.13.35931.197 d17.13
MinimumVisualStudioVersion = 10.0.40219.1
Project("{FAE04EC0-301F-11D3-BF4B-00C04F79EFBC}") = "QLDT.Web", "QLDT.Web\QLDT.Web.csproj", "{931E93C3-6480-43FA-8D3B-2F565B77B3B2}"
EndProject
Project("{FAE04EC0-301F-11D3-BF4B-00C04F79EFBC}") = "QLDT.DAL", "QLDT DAL\QLDT.DAL.csproj", "{268357B4-136D-442F-BC92-FFACE2D14C82}"
EndProject
Project("{FAE04EC0-301F-11D3-BF4B-00C04F79EFBC}") = "QLDT.BLL", "QLBH.BLL\QLDT.BLL.csproj", "{9FF70C41-3A90-4F4F-987E-8B394911F074}"
EndProject
Project("{FAE04EC0-301F-11D3-BF4B-00C04F79EFBC}") = "QLDT.Common", "QLDT.Common\QLDT.Common.csproj", "{DE44D202-4E72-4C4C-8778-B5F98AAA1C01}"
EndProject
Global
	GlobalSection(SolutionConfigurationPlatforms) = preSolution
		Debug|Any CPU = Debug|Any CPU
		Release|Any CPU = Release|Any CPU
	EndGlobalSection
	GlobalSection(ProjectConfigurationPlatforms) = postSolution
		{931E93C3-6480-43FA-8D3B-2F565B77B3B2}.Debug|Any CPU.ActiveCfg = Debug|Any CPU
		{931E93C3-6480-43FA-8D3B-2F565B77B3B2}.Debug|Any CPU.Build.0 = Debug|Any CPU
		{931E93C3-6480-43FA-8D3B-2F565B77B3B2}.Release|Any CPU.ActiveCfg = Release|Any CPU
		{931E93C3-6480-43FA-8D3B-2F565B77B3B2}.Release|Any CPU.Build.0 = Release|Any CPU
		{268357B4-136D-442F-BC92-FFACE2D14C82}.Debug|Any CPU.ActiveCfg = Debug|Any CPU
		{268357B4-136D-442F-BC92-FFACE2D14C82}.Debug|Any CPU.Build.0 = Debug|Any CPU
		{268357B4-136D-442F-BC92-FFACE2D14C82}.Release|Any CPU.ActiveCfg = Release|Any CPU
		{268357B4-136D-442F-BC92-FFACE2D14C82}.Release|Any CPU.Build.0 = Release|Any CPU
		{9FF70C41-3A90-4F4F-987E-8B394911F074}.Debug|Any CPU.ActiveCfg = Debug|Any CPU
		{9FF70C41-3A90-4F4F-987E-8B394911F074}.Debug|Any CPU.Build.0 = Debug|Any CPU
		{9FF70C41-3A90-4F4F-987E-8B394911F074}.Release|Any CPU.ActiveCfg = Release|Any CPU
		{9FF70C41-3A90-4F4F-987E-8B394911F074}.Release|Any CPU.Build.0 = Release|Any CPU
		{DE44D202-4E72-4C4C-8778-B5F98AAA1C01}.Debug|Any CPU.ActiveCfg = Debug|Any CPU
		{DE44D202-4E72-4C4C-8778-B5F98AAA1C01}.Debug|Any CPU.Build.0 = Debug|Any CPU
		{DE44D202-4E72-4C4C-8778-B5F98AAA1C01}.Release|Any CPU.ActiveCfg = Release|Any CPU
		{DE44D202-4E72-4C4C-8778-B5F98AAA1C01}.Release|Any CPU.Build.0 = Release|Any CPU
	EndGlobalSection
	GlobalSection(SolutionProperties) = preSolution
		HideSolutionNode = FALSE
	EndGlobalSection
	GlobalSection(ExtensibilityGlobals) = postSolution
		SolutionGuid = {DB0C33E1-DA9B-40F3-9E88-61011CB615D0}
	EndGlobalSection
EndGlobal
